
Microsoft Visual Studio Solution File, Format Version 12.00
# Visual Studio 15
VisualStudioVersion = 15.0.27130.2003
MinimumVisualStudioVersion = 10.0.40219.1
Project("{FAE04EC0-301F-11D3-BF4B-00C04F79EFBC}") = "XFSWDemo.Android", "XFSWDemo\XFSWDemo.Android\XFSWDemo.Android.csproj", "{5D47CEAC-BCBA-466A-A5A9-C9E44FE31557}"
EndProject
Project("{FAE04EC0-301F-11D3-BF4B-00C04F79EFBC}") = "XFSWDemo.iOS", "XFSWDemo\XFSWDemo.iOS\XFSWDemo.iOS.csproj", "{95A7C7B1-FB0F-43F5-9A58-60E3710288AC}"
EndProject
Project("{FAE04EC0-301F-11D3-BF4B-00C04F79EFBC}") = "XFSWDemo.UWP", "XFSWDemo\XFSWDemo.UWP\XFSWDemo.UWP.csproj", "{EBE4DD44-48D1-42F6-B070-02F2C418E83B}"
EndProject
Project("{FAE04EC0-301F-11D3-BF4B-00C04F79EFBC}") = "XFSWDemo", "XFSWDemo\XFSWDemo\XFSWDemo.csproj", "{D5BE5EF5-92E1-4A94-B5F0-8750F88E490B}"
EndProject
Global
	GlobalSection(SolutionConfigurationPlatforms) = preSolution
		Ad-Hoc|Any CPU = Ad-Hoc|Any CPU
		Ad-Hoc|ARM = Ad-Hoc|ARM
		Ad-Hoc|iPhone = Ad-Hoc|iPhone
		Ad-Hoc|iPhoneSimulator = Ad-Hoc|iPhoneSimulator
		Ad-Hoc|x64 = Ad-Hoc|x64
		Ad-Hoc|x86 = Ad-Hoc|x86
		AppStore|Any CPU = AppStore|Any CPU
		AppStore|ARM = AppStore|ARM
		AppStore|iPhone = AppStore|iPhone
		AppStore|iPhoneSimulator = AppStore|iPhoneSimulator
		AppStore|x64 = AppStore|x64
		AppStore|x86 = AppStore|x86
		Debug|Any CPU = Debug|Any CPU
		Debug|ARM = Debug|ARM
		Debug|iPhone = Debug|iPhone
		Debug|iPhoneSimulator = Debug|iPhoneSimulator
		Debug|x64 = Debug|x64
		Debug|x86 = Debug|x86
		Release|Any CPU = Release|Any CPU
		Release|ARM = Release|ARM
		Release|iPhone = Release|iPhone
		Release|iPhoneSimulator = Release|iPhoneSimulator
		Release|x64 = Release|x64
		Release|x86 = Release|x86
	EndGlobalSection
	GlobalSection(ProjectConfigurationPlatforms) = postSolution
		{5D47CEAC-BCBA-466A-A5A9-C9E44FE31557}.Ad-Hoc|Any CPU.ActiveCfg = Release|Any CPU
		{5D47CEAC-BCBA-466A-A5A9-C9E44FE31557}.Ad-Hoc|Any CPU.Build.0 = Release|Any CPU
		{5D47CEAC-BCBA-466A-A5A9-C9E44FE31557}.Ad-Hoc|Any CPU.Deploy.0 = Release|Any CPU
		{5D47CEAC-BCBA-466A-A5A9-C9E44FE31557}.Ad-Hoc|ARM.ActiveCfg = Release|Any CPU
		{5D47CEAC-BCBA-466A-A5A9-C9E44FE31557}.Ad-Hoc|ARM.Build.0 = Release|Any CPU
		{5D47CEAC-BCBA-466A-A5A9-C9E44FE31557}.Ad-Hoc|ARM.Deploy.0 = Release|Any CPU
		{5D47CEAC-BCBA-466A-A5A9-C9E44FE31557}.Ad-Hoc|iPhone.ActiveCfg = Release|Any CPU
		{5D47CEAC-BCBA-466A-A5A9-C9E44FE31557}.Ad-Hoc|iPhone.Build.0 = Release|Any CPU
		{5D47CEAC-BCBA-466A-A5A9-C9E44FE31557}.Ad-Hoc|iPhone.Deploy.0 = Release|Any CPU
		{5D47CEAC-BCBA-466A-A5A9-C9E44FE31557}.Ad-Hoc|iPhoneSimulator.ActiveCfg = Release|Any CPU
		{5D47CEAC-BCBA-466A-A5A9-C9E44FE31557}.Ad-Hoc|iPhoneSimulator.Build.0 = Release|Any CPU
		{5D47CEAC-BCBA-466A-A5A9-C9E44FE31557}.Ad-Hoc|iPhoneSimulator.Deploy.0 = Release|Any CPU
		{5D47CEAC-BCBA-466A-A5A9-C9E44FE31557}.Ad-Hoc|x64.ActiveCfg = Release|Any CPU
		{5D47CEAC-BCBA-466A-A5A9-C9E44FE31557}.Ad-Hoc|x64.Build.0 = Release|Any CPU
		{5D47CEAC-BCBA-466A-A5A9-C9E44FE31557}.Ad-Hoc|x64.Deploy.0 = Release|Any CPU
		{5D47CEAC-BCBA-466A-A5A9-C9E44FE31557}.Ad-Hoc|x86.ActiveCfg = Release|Any CPU
		{5D47CEAC-BCBA-466A-A5A9-C9E44FE31557}.Ad-Hoc|x86.Build.0 = Release|Any CPU
		{5D47CEAC-BCBA-466A-A5A9-C9E44FE31557}.Ad-Hoc|x86.Deploy.0 = Release|Any CPU
		{5D47CEAC-BCBA-466A-A5A9-C9E44FE31557}.AppStore|Any CPU.ActiveCfg = Release|Any CPU
		{5D47CEAC-BCBA-466A-A5A9-C9E44FE31557}.AppStore|Any CPU.Build.0 = Release|Any CPU
		{5D47CEAC-BCBA-466A-A5A9-C9E44FE31557}.AppStore|Any CPU.Deploy.0 = Release|Any CPU
		{5D47CEAC-BCBA-466A-A5A9-C9E44FE31557}.AppStore|ARM.ActiveCfg = Release|Any CPU
		{5D47CEAC-BCBA-466A-A5A9-C9E44FE31557}.AppStore|ARM.Build.0 = Release|Any CPU
		{5D47CEAC-BCBA-466A-A5A9-C9E44FE31557}.AppStore|ARM.Deploy.0 = Release|Any CPU
		{5D47CEAC-BCBA-466A-A5A9-C9E44FE31557}.AppStore|iPhone.ActiveCfg = Release|Any CPU
		{5D47CEAC-BCBA-466A-A5A9-C9E44FE31557}.AppStore|iPhone.Build.0 = Release|Any CPU
		{5D47CEAC-BCBA-466A-A5A9-C9E44FE31557}.AppStore|iPhone.Deploy.0 = Release|Any CPU
		{5D47CEAC-BCBA-466A-A5A9-C9E44FE31557}.AppStore|iPhoneSimulator.ActiveCfg = Release|Any CPU
		{5D47CEAC-BCBA-466A-A5A9-C9E44FE31557}.AppStore|iPhoneSimulator.Build.0 = Release|Any CPU
		{5D47CEAC-BCBA-466A-A5A9-C9E44FE31557}.AppStore|iPhoneSimulator.Deploy.0 = Release|Any CPU
		{5D47CEAC-BCBA-466A-A5A9-C9E44FE31557}.AppStore|x64.ActiveCfg = Release|Any CPU
		{5D47CEAC-BCBA-466A-A5A9-C9E44FE31557}.AppStore|x64.Build.0 = Release|Any CPU
		{5D47CEAC-BCBA-466A-A5A9-C9E44FE31557}.AppStore|x64.Deploy.0 = Release|Any CPU
		{5D47CEAC-BCBA-466A-A5A9-C9E44FE31557}.AppStore|x86.ActiveCfg = Release|Any CPU
		{5D47CEAC-BCBA-466A-A5A9-C9E44FE31557}.AppStore|x86.Build.0 = Release|Any CPU
		{5D47CEAC-BCBA-466A-A5A9-C9E44FE31557}.AppStore|x86.Deploy.0 = Release|Any CPU
		{5D47CEAC-BCBA-466A-A5A9-C9E44FE31557}.Debug|Any CPU.ActiveCfg = Debug|Any CPU
		{5D47CEAC-BCBA-466A-A5A9-C9E44FE31557}.Debug|Any CPU.Build.0 = Debug|Any CPU
		{5D47CEAC-BCBA-466A-A5A9-C9E44FE31557}.Debug|Any CPU.Deploy.0 = Debug|Any CPU
		{5D47CEAC-BCBA-466A-A5A9-C9E44FE31557}.Debug|ARM.ActiveCfg = Debug|Any CPU
		{5D47CEAC-BCBA-466A-A5A9-C9E44FE31557}.Debug|ARM.Build.0 = Debug|Any CPU
		{5D47CEAC-BCBA-466A-A5A9-C9E44FE31557}.Debug|ARM.Deploy.0 = Debug|Any CPU
		{5D47CEAC-BCBA-466A-A5A9-C9E44FE31557}.Debug|iPhone.ActiveCfg = Debug|Any CPU
		{5D47CEAC-BCBA-466A-A5A9-C9E44FE31557}.Debug|iPhone.Build.0 = Debug|Any CPU
		{5D47CEAC-BCBA-466A-A5A9-C9E44FE31557}.Debug|iPhone.Deploy.0 = Debug|Any CPU
		{5D47CEAC-BCBA-466A-A5A9-C9E44FE31557}.Debug|iPhoneSimulator.ActiveCfg = Debug|Any CPU
		{5D47CEAC-BCBA-466A-A5A9-C9E44FE31557}.Debug|iPhoneSimulator.Build.0 = Debug|Any CPU
		{5D47CEAC-BCBA-466A-A5A9-C9E44FE31557}.Debug|iPhoneSimulator.Deploy.0 = Debug|Any CPU
		{5D47CEAC-BCBA-466A-A5A9-C9E44FE31557}.Debug|x64.ActiveCfg = Debug|Any CPU
		{5D47CEAC-BCBA-466A-A5A9-C9E44FE31557}.Debug|x64.Build.0 = Debug|Any CPU
		{5D47CEAC-BCBA-466A-A5A9-C9E44FE31557}.Debug|x64.Deploy.0 = Debug|Any CPU
		{5D47CEAC-BCBA-466A-A5A9-C9E44FE31557}.Debug|x86.ActiveCfg = Debug|Any CPU
		{5D47CEAC-BCBA-466A-A5A9-C9E44FE31557}.Debug|x86.Build.0 = Debug|Any CPU
		{5D47CEAC-BCBA-466A-A5A9-C9E44FE31557}.Debug|x86.Deploy.0 = Debug|Any CPU
		{5D47CEAC-BCBA-466A-A5A9-C9E44FE31557}.Release|Any CPU.ActiveCfg = Release|Any CPU
		{5D47CEAC-BCBA-466A-A5A9-C9E44FE31557}.Release|Any CPU.Build.0 = Release|Any CPU
		{5D47CEAC-BCBA-466A-A5A9-C9E44FE31557}.Release|Any CPU.Deploy.0 = Release|Any CPU
		{5D47CEAC-BCBA-466A-A5A9-C9E44FE31557}.Release|ARM.ActiveCfg = Release|Any CPU
		{5D47CEAC-BCBA-466A-A5A9-C9E44FE31557}.Release|ARM.Build.0 = Release|Any CPU
		{5D47CEAC-BCBA-466A-A5A9-C9E44FE31557}.Release|ARM.Deploy.0 = Release|Any CPU
		{5D47CEAC-BCBA-466A-A5A9-C9E44FE31557}.Release|iPhone.ActiveCfg = Release|Any CPU
		{5D47CEAC-BCBA-466A-A5A9-C9E44FE31557}.Release|iPhone.Build.0 = Release|Any CPU
		{5D47CEAC-BCBA-466A-A5A9-C9E44FE31557}.Release|iPhone.Deploy.0 = Release|Any CPU
		{5D47CEAC-BCBA-466A-A5A9-C9E44FE31557}.Release|iPhoneSimulator.ActiveCfg = Release|Any CPU
		{5D47CEAC-BCBA-466A-A5A9-C9E44FE31557}.Release|iPhoneSimulator.Build.0 = Release|Any CPU
		{5D47CEAC-BCBA-466A-A5A9-C9E44FE31557}.Release|iPhoneSimulator.Deploy.0 = Release|Any CPU
		{5D47CEAC-BCBA-466A-A5A9-C9E44FE31557}.Release|x64.ActiveCfg = Release|Any CPU
		{5D47CEAC-BCBA-466A-A5A9-C9E44FE31557}.Release|x64.Build.0 = Release|Any CPU
		{5D47CEAC-BCBA-466A-A5A9-C9E44FE31557}.Release|x64.Deploy.0 = Release|Any CPU
		{5D47CEAC-BCBA-466A-A5A9-C9E44FE31557}.Release|x86.ActiveCfg = Release|Any CPU
		{5D47CEAC-BCBA-466A-A5A9-C9E44FE31557}.Release|x86.Build.0 = Release|Any CPU
		{5D47CEAC-BCBA-466A-A5A9-C9E44FE31557}.Release|x86.Deploy.0 = Release|Any CPU
		{95A7C7B1-FB0F-43F5-9A58-60E3710288AC}.Ad-Hoc|Any CPU.ActiveCfg = Ad-Hoc|iPhone
		{95A7C7B1-FB0F-43F5-9A58-60E3710288AC}.Ad-Hoc|ARM.ActiveCfg = Ad-Hoc|iPhone
		{95A7C7B1-FB0F-43F5-9A58-60E3710288AC}.Ad-Hoc|iPhone.ActiveCfg = Ad-Hoc|iPhone
		{95A7C7B1-FB0F-43F5-9A58-60E3710288AC}.Ad-Hoc|iPhone.Build.0 = Ad-Hoc|iPhone
		{95A7C7B1-FB0F-43F5-9A58-60E3710288AC}.Ad-Hoc|iPhoneSimulator.ActiveCfg = Ad-Hoc|iPhoneSimulator
		{95A7C7B1-FB0F-43F5-9A58-60E3710288AC}.Ad-Hoc|iPhoneSimulator.Build.0 = Ad-Hoc|iPhoneSimulator
		{95A7C7B1-FB0F-43F5-9A58-60E3710288AC}.Ad-Hoc|x64.ActiveCfg = Ad-Hoc|iPhone
		{95A7C7B1-FB0F-43F5-9A58-60E3710288AC}.Ad-Hoc|x86.ActiveCfg = Ad-Hoc|iPhone
		{95A7C7B1-FB0F-43F5-9A58-60E3710288AC}.AppStore|Any CPU.ActiveCfg = AppStore|iPhone
		{95A7C7B1-FB0F-43F5-9A58-60E3710288AC}.AppStore|ARM.ActiveCfg = AppStore|iPhone
		{95A7C7B1-FB0F-43F5-9A58-60E3710288AC}.AppStore|iPhone.ActiveCfg = AppStore|iPhone
		{95A7C7B1-FB0F-43F5-9A58-60E3710288AC}.AppStore|iPhone.Build.0 = AppStore|iPhone
		{95A7C7B1-FB0F-43F5-9A58-60E3710288AC}.AppStore|iPhoneSimulator.ActiveCfg = AppStore|iPhoneSimulator
		{95A7C7B1-FB0F-43F5-9A58-60E3710288AC}.AppStore|iPhoneSimulator.Build.0 = AppStore|iPhoneSimulator
		{95A7C7B1-FB0F-43F5-9A58-60E3710288AC}.AppStore|x64.ActiveCfg = AppStore|iPhone
		{95A7C7B1-FB0F-43F5-9A58-60E3710288AC}.AppStore|x86.ActiveCfg = AppStore|iPhone
		{95A7C7B1-FB0F-43F5-9A58-60E3710288AC}.Debug|Any CPU.ActiveCfg = Debug|iPhone
		{95A7C7B1-FB0F-43F5-9A58-60E3710288AC}.Debug|ARM.ActiveCfg = Debug|iPhone
		{95A7C7B1-FB0F-43F5-9A58-60E3710288AC}.Debug|iPhone.ActiveCfg = Debug|iPhone
		{95A7C7B1-FB0F-43F5-9A58-60E3710288AC}.Debug|iPhone.Build.0 = Debug|iPhone
		{95A7C7B1-FB0F-43F5-9A58-60E3710288AC}.Debug|iPhoneSimulator.ActiveCfg = Debug|iPhoneSimulator
		{95A7C7B1-FB0F-43F5-9A58-60E3710288AC}.Debug|iPhoneSimulator.Build.0 = Debug|iPhoneSimulator
		{95A7C7B1-FB0F-43F5-9A58-60E3710288AC}.Debug|x64.ActiveCfg = Debug|iPhone
		{95A7C7B1-FB0F-43F5-9A58-60E3710288AC}.Debug|x86.ActiveCfg = Debug|iPhone
		{95A7C7B1-FB0F-43F5-9A58-60E3710288AC}.Release|Any CPU.ActiveCfg = Release|iPhone
		{95A7C7B1-FB0F-43F5-9A58-60E3710288AC}.Release|ARM.ActiveCfg = Release|iPhone
		{95A7C7B1-FB0F-43F5-9A58-60E3710288AC}.Release|iPhone.ActiveCfg = Release|iPhone
		{95A7C7B1-FB0F-43F5-9A58-60E3710288AC}.Release|iPhone.Build.0 = Release|iPhone
		{95A7C7B1-FB0F-43F5-9A58-60E3710288AC}.Release|iPhoneSimulator.ActiveCfg = Release|iPhoneSimulator
		{95A7C7B1-FB0F-43F5-9A58-60E3710288AC}.Release|iPhoneSimulator.Build.0 = Release|iPhoneSimulator
		{95A7C7B1-FB0F-43F5-9A58-60E3710288AC}.Release|x64.ActiveCfg = Release|iPhone
		{95A7C7B1-FB0F-43F5-9A58-60E3710288AC}.Release|x86.ActiveCfg = Release|iPhone
		{EBE4DD44-48D1-42F6-B070-02F2C418E83B}.Ad-Hoc|Any CPU.ActiveCfg = Release|x86
		{EBE4DD44-48D1-42F6-B070-02F2C418E83B}.Ad-Hoc|Any CPU.Build.0 = Release|x86
		{EBE4DD44-48D1-42F6-B070-02F2C418E83B}.Ad-Hoc|Any CPU.Deploy.0 = Release|x86
		{EBE4DD44-48D1-42F6-B070-02F2C418E83B}.Ad-Hoc|ARM.ActiveCfg = Release|ARM
		{EBE4DD44-48D1-42F6-B070-02F2C418E83B}.Ad-Hoc|ARM.Build.0 = Release|ARM
		{EBE4DD44-48D1-42F6-B070-02F2C418E83B}.Ad-Hoc|ARM.Deploy.0 = Release|ARM
		{EBE4DD44-48D1-42F6-B070-02F2C418E83B}.Ad-Hoc|iPhone.ActiveCfg = Release|x86
		{EBE4DD44-48D1-42F6-B070-02F2C418E83B}.Ad-Hoc|iPhone.Build.0 = Release|x86
		{EBE4DD44-48D1-42F6-B070-02F2C418E83B}.Ad-Hoc|iPhone.Deploy.0 = Release|x86
		{EBE4DD44-48D1-42F6-B070-02F2C418E83B}.Ad-Hoc|iPhoneSimulator.ActiveCfg = Release|x86
		{EBE4DD44-48D1-42F6-B070-02F2C418E83B}.Ad-Hoc|iPhoneSimulator.Build.0 = Release|x86
		{EBE4DD44-48D1-42F6-B070-02F2C418E83B}.Ad-Hoc|iPhoneSimulator.Deploy.0 = Release|x86
		{EBE4DD44-48D1-42F6-B070-02F2C418E83B}.Ad-Hoc|x64.ActiveCfg = Release|x64
		{EBE4DD44-48D1-42F6-B070-02F2C418E83B}.Ad-Hoc|x64.Build.0 = Release|x64
		{EBE4DD44-48D1-42F6-B070-02F2C418E83B}.Ad-Hoc|x64.Deploy.0 = Release|x64
		{EBE4DD44-48D1-42F6-B070-02F2C418E83B}.Ad-Hoc|x86.ActiveCfg = Release|x86
		{EBE4DD44-48D1-42F6-B070-02F2C418E83B}.Ad-Hoc|x86.Build.0 = Release|x86
		{EBE4DD44-48D1-42F6-B070-02F2C418E83B}.Ad-Hoc|x86.Deploy.0 = Release|x86
		{EBE4DD44-48D1-42F6-B070-02F2C418E83B}.AppStore|Any CPU.ActiveCfg = Release|x86
		{EBE4DD44-48D1-42F6-B070-02F2C418E83B}.AppStore|Any CPU.Build.0 = Release|x86
		{EBE4DD44-48D1-42F6-B070-02F2C418E83B}.AppStore|Any CPU.Deploy.0 = Release|x86
		{EBE4DD44-48D1-42F6-B070-02F2C418E83B}.AppStore|ARM.ActiveCfg = Release|ARM
		{EBE4DD44-48D1-42F6-B070-02F2C418E83B}.AppStore|ARM.Build.0 = Release|ARM
		{EBE4DD44-48D1-42F6-B070-02F2C418E83B}.AppStore|ARM.Deploy.0 = Release|ARM
		{EBE4DD44-48D1-42F6-B070-02F2C418E83B}.AppStore|iPhone.ActiveCfg = Release|x86
		{EBE4DD44-48D1-42F6-B070-02F2C418E83B}.AppStore|iPhone.Build.0 = Release|x86
		{EBE4DD44-48D1-42F6-B070-02F2C418E83B}.AppStore|iPhone.Deploy.0 = Release|x86
		{EBE4DD44-48D1-42F6-B070-02F2C418E83B}.AppStore|iPhoneSimulator.ActiveCfg = Release|x86
		{EBE4DD44-48D1-42F6-B070-02F2C418E83B}.AppStore|iPhoneSimulator.Build.0 = Release|x86
		{EBE4DD44-48D1-42F6-B070-02F2C418E83B}.AppStore|iPhoneSimulator.Deploy.0 = Release|x86
		{EBE4DD44-48D1-42F6-B070-02F2C418E83B}.AppStore|x64.ActiveCfg = Release|x64
		{EBE4DD44-48D1-42F6-B070-02F2C418E83B}.AppStore|x64.Build.0 = Release|x64
		{EBE4DD44-48D1-42F6-B070-02F2C418E83B}.AppStore|x64.Deploy.0 = Release|x64
		{EBE4DD44-48D1-42F6-B070-02F2C418E83B}.AppStore|x86.ActiveCfg = Release|x86
		{EBE4DD44-48D1-42F6-B070-02F2C418E83B}.AppStore|x86.Build.0 = Release|x86
		{EBE4DD44-48D1-42F6-B070-02F2C418E83B}.AppStore|x86.Deploy.0 = Release|x86
		{EBE4DD44-48D1-42F6-B070-02F2C418E83B}.Debug|Any CPU.ActiveCfg = Debug|x86
		{EBE4DD44-48D1-42F6-B070-02F2C418E83B}.Debug|ARM.ActiveCfg = Debug|ARM
		{EBE4DD44-48D1-42F6-B070-02F2C418E83B}.Debug|ARM.Build.0 = Debug|ARM
		{EBE4DD44-48D1-42F6-B070-02F2C418E83B}.Debug|ARM.Deploy.0 = Debug|ARM
		{EBE4DD44-48D1-42F6-B070-02F2C418E83B}.Debug|iPhone.ActiveCfg = Debug|x86
		{EBE4DD44-48D1-42F6-B070-02F2C418E83B}.Debug|iPhoneSimulator.ActiveCfg = Debug|x86
		{EBE4DD44-48D1-42F6-B070-02F2C418E83B}.Debug|x64.ActiveCfg = Debug|x64
		{EBE4DD44-48D1-42F6-B070-02F2C418E83B}.Debug|x64.Build.0 = Debug|x64
		{EBE4DD44-48D1-42F6-B070-02F2C418E83B}.Debug|x64.Deploy.0 = Debug|x64
		{EBE4DD44-48D1-42F6-B070-02F2C418E83B}.Debug|x86.ActiveCfg = Debug|x86
		{EBE4DD44-48D1-42F6-B070-02F2C418E83B}.Debug|x86.Build.0 = Debug|x86
		{EBE4DD44-48D1-42F6-B070-02F2C418E83B}.Debug|x86.Deploy.0 = Debug|x86
		{EBE4DD44-48D1-42F6-B070-02F2C418E83B}.Release|Any CPU.ActiveCfg = Release|x86
		{EBE4DD44-48D1-42F6-B070-02F2C418E83B}.Release|ARM.ActiveCfg = Release|ARM
		{EBE4DD44-48D1-42F6-B070-02F2C418E83B}.Release|ARM.Build.0 = Release|ARM
		{EBE4DD44-48D1-42F6-B070-02F2C418E83B}.Release|ARM.Deploy.0 = Release|ARM
		{EBE4DD44-48D1-42F6-B070-02F2C418E83B}.Release|iPhone.ActiveCfg = Release|x86
		{EBE4DD44-48D1-42F6-B070-02F2C418E83B}.Release|iPhoneSimulator.ActiveCfg = Release|x86
		{EBE4DD44-48D1-42F6-B070-02F2C418E83B}.Release|x64.ActiveCfg = Release|x64
		{EBE4DD44-48D1-42F6-B070-02F2C418E83B}.Release|x64.Build.0 = Release|x64
		{EBE4DD44-48D1-42F6-B070-02F2C418E83B}.Release|x64.Deploy.0 = Release|x64
		{EBE4DD44-48D1-42F6-B070-02F2C418E83B}.Release|x86.ActiveCfg = Release|x86
		{EBE4DD44-48D1-42F6-B070-02F2C418E83B}.Release|x86.Build.0 = Release|x86
		{EBE4DD44-48D1-42F6-B070-02F2C418E83B}.Release|x86.Deploy.0 = Release|x86
		{D5BE5EF5-92E1-4A94-B5F0-8750F88E490B}.Ad-Hoc|Any CPU.ActiveCfg = Debug|Any CPU
		{D5BE5EF5-92E1-4A94-B5F0-8750F88E490B}.Ad-Hoc|Any CPU.Build.0 = Debug|Any CPU
		{D5BE5EF5-92E1-4A94-B5F0-8750F88E490B}.Ad-Hoc|ARM.ActiveCfg = Debug|Any CPU
		{D5BE5EF5-92E1-4A94-B5F0-8750F88E490B}.Ad-Hoc|ARM.Build.0 = Debug|Any CPU
		{D5BE5EF5-92E1-4A94-B5F0-8750F88E490B}.Ad-Hoc|iPhone.ActiveCfg = Debug|Any CPU
		{D5BE5EF5-92E1-4A94-B5F0-8750F88E490B}.Ad-Hoc|iPhone.Build.0 = Debug|Any CPU
		{D5BE5EF5-92E1-4A94-B5F0-8750F88E490B}.Ad-Hoc|iPhoneSimulator.ActiveCfg = Debug|Any CPU
		{D5BE5EF5-92E1-4A94-B5F0-8750F88E490B}.Ad-Hoc|iPhoneSimulator.Build.0 = Debug|Any CPU
		{D5BE5EF5-92E1-4A94-B5F0-8750F88E490B}.Ad-Hoc|x64.ActiveCfg = Debug|Any CPU
		{D5BE5EF5-92E1-4A94-B5F0-8750F88E490B}.Ad-Hoc|x64.Build.0 = Debug|Any CPU
		{D5BE5EF5-92E1-4A94-B5F0-8750F88E490B}.Ad-Hoc|x86.ActiveCfg = Debug|Any CPU
		{D5BE5EF5-92E1-4A94-B5F0-8750F88E490B}.Ad-Hoc|x86.Build.0 = Debug|Any CPU
		{D5BE5EF5-92E1-4A94-B5F0-8750F88E490B}.AppStore|Any CPU.ActiveCfg = Debug|Any CPU
		{D5BE5EF5-92E1-4A94-B5F0-8750F88E490B}.AppStore|Any CPU.Build.0 = Debug|Any CPU
		{D5BE5EF5-92E1-4A94-B5F0-8750F88E490B}.AppStore|ARM.ActiveCfg = Debug|Any CPU
		{D5BE5EF5-92E1-4A94-B5F0-8750F88E490B}.AppStore|ARM.Build.0 = Debug|Any CPU
		{D5BE5EF5-92E1-4A94-B5F0-8750F88E490B}.AppStore|iPhone.ActiveCfg = Debug|Any CPU
		{D5BE5EF5-92E1-4A94-B5F0-8750F88E490B}.AppStore|iPhone.Build.0 = Debug|Any CPU
		{D5BE5EF5-92E1-4A94-B5F0-8750F88E490B}.AppStore|iPhoneSimulator.ActiveCfg = Debug|Any CPU
		{D5BE5EF5-92E1-4A94-B5F0-8750F88E490B}.AppStore|iPhoneSimulator.Build.0 = Debug|Any CPU
		{D5BE5EF5-92E1-4A94-B5F0-8750F88E490B}.AppStore|x64.ActiveCfg = Debug|Any CPU
		{D5BE5EF5-92E1-4A94-B5F0-8750F88E490B}.AppStore|x64.Build.0 = Debug|Any CPU
		{D5BE5EF5-92E1-4A94-B5F0-8750F88E490B}.AppStore|x86.ActiveCfg = Debug|Any CPU
		{D5BE5EF5-92E1-4A94-B5F0-8750F88E490B}.AppStore|x86.Build.0 = Debug|Any CPU
		{D5BE5EF5-92E1-4A94-B5F0-8750F88E490B}.Debug|Any CPU.ActiveCfg = Debug|Any CPU
		{D5BE5EF5-92E1-4A94-B5F0-8750F88E490B}.Debug|Any CPU.Build.0 = Debug|Any CPU
		{D5BE5EF5-92E1-4A94-B5F0-8750F88E490B}.Debug|ARM.ActiveCfg = Debug|Any CPU
		{D5BE5EF5-92E1-4A94-B5F0-8750F88E490B}.Debug|ARM.Build.0 = Debug|Any CPU
		{D5BE5EF5-92E1-4A94-B5F0-8750F88E490B}.Debug|iPhone.ActiveCfg = Debug|Any CPU
		{D5BE5EF5-92E1-4A94-B5F0-8750F88E490B}.Debug|iPhone.Build.0 = Debug|Any CPU
		{D5BE5EF5-92E1-4A94-B5F0-8750F88E490B}.Debug|iPhoneSimulator.ActiveCfg = Debug|Any CPU
		{D5BE5EF5-92E1-4A94-B5F0-8750F88E490B}.Debug|iPhoneSimulator.Build.0 = Debug|Any CPU
		{D5BE5EF5-92E1-4A94-B5F0-8750F88E490B}.Debug|x64.ActiveCfg = Debug|Any CPU
		{D5BE5EF5-92E1-4A94-B5F0-8750F88E490B}.Debug|x64.Build.0 = Debug|Any CPU
		{D5BE5EF5-92E1-4A94-B5F0-8750F88E490B}.Debug|x86.ActiveCfg = Debug|Any CPU
		{D5BE5EF5-92E1-4A94-B5F0-8750F88E490B}.Debug|x86.Build.0 = Debug|Any CPU
		{D5BE5EF5-92E1-4A94-B5F0-8750F88E490B}.Release|Any CPU.ActiveCfg = Release|Any CPU
		{D5BE5EF5-92E1-4A94-B5F0-8750F88E490B}.Release|Any CPU.Build.0 = Release|Any CPU
		{D5BE5EF5-92E1-4A94-B5F0-8750F88E490B}.Release|ARM.ActiveCfg = Release|Any CPU
		{D5BE5EF5-92E1-4A94-B5F0-8750F88E490B}.Release|ARM.Build.0 = Release|Any CPU
		{D5BE5EF5-92E1-4A94-B5F0-8750F88E490B}.Release|iPhone.ActiveCfg = Release|Any CPU
		{D5BE5EF5-92E1-4A94-B5F0-8750F88E490B}.Release|iPhone.Build.0 = Release|Any CPU
		{D5BE5EF5-92E1-4A94-B5F0-8750F88E490B}.Release|iPhoneSimulator.ActiveCfg = Release|Any CPU
		{D5BE5EF5-92E1-4A94-B5F0-8750F88E490B}.Release|iPhoneSimulator.Build.0 = Release|Any CPU
		{D5BE5EF5-92E1-4A94-B5F0-8750F88E490B}.Release|x64.ActiveCfg = Release|Any CPU
		{D5BE5EF5-92E1-4A94-B5F0-8750F88E490B}.Release|x64.Build.0 = Release|Any CPU
		{D5BE5EF5-92E1-4A94-B5F0-8750F88E490B}.Release|x86.ActiveCfg = Release|Any CPU
		{D5BE5EF5-92E1-4A94-B5F0-8750F88E490B}.Release|x86.Build.0 = Release|Any CPU
	EndGlobalSection
	GlobalSection(SolutionProperties) = preSolution
		HideSolutionNode = FALSE
	EndGlobalSection
	GlobalSection(ExtensibilityGlobals) = postSolution
		SolutionGuid = {B77EEDF5-C5A2-4494-A5D4-6743A714613B}
	EndGlobalSection
EndGlobal
